// !$*UTF8*$!
{
	archiveVersion = 1;
	classes = {
	};
	objectVersion = 46;
	objects = {

/* Begin PBXBuildFile section */
		4F04024318D4BE1B009E8CAA /* Foundation.framework in Frameworks */ = {isa = PBXBuildFile; fileRef = 4F04024218D4BE1B009E8CAA /* Foundation.framework */; };
		4F04024518D4BE1B009E8CAA /* CoreGraphics.framework in Frameworks */ = {isa = PBXBuildFile; fileRef = 4F04024418D4BE1B009E8CAA /* CoreGraphics.framework */; };
		4F04024718D4BE1B009E8CAA /* UIKit.framework in Frameworks */ = {isa = PBXBuildFile; fileRef = 4F04024618D4BE1B009E8CAA /* UIKit.framework */; };
		4F04024918D4BE1B009E8CAA /* SpriteKit.framework in Frameworks */ = {isa = PBXBuildFile; fileRef = 4F04024818D4BE1B009E8CAA /* SpriteKit.framework */; };
		4F04024F18D4BE1B009E8CAA /* InfoPlist.strings in Resources */ = {isa = PBXBuildFile; fileRef = 4F04024D18D4BE1B009E8CAA /* InfoPlist.strings */; };
		4F04025118D4BE1B009E8CAA /* main.m in Sources */ = {isa = PBXBuildFile; fileRef = 4F04025018D4BE1B009E8CAA /* main.m */; };
		4F04025518D4BE1B009E8CAA /* flanrybirdAppDelegate.m in Sources */ = {isa = PBXBuildFile; fileRef = 4F04025418D4BE1B009E8CAA /* flanrybirdAppDelegate.m */; };
		4F04025818D4BE1B009E8CAA /* Main.storyboard in Resources */ = {isa = PBXBuildFile; fileRef = 4F04025618D4BE1B009E8CAA /* Main.storyboard */; };
		4F04025B18D4BE1B009E8CAA /* flanrybirdViewController.m in Sources */ = {isa = PBXBuildFile; fileRef = 4F04025A18D4BE1B009E8CAA /* flanrybirdViewController.m */; };
		4F04025E18D4BE1B009E8CAA /* flanrybirdMyScene.m in Sources */ = {isa = PBXBuildFile; fileRef = 4F04025D18D4BE1B009E8CAA /* flanrybirdMyScene.m */; };
		4F04026218D4BE1B009E8CAA /* Images.xcassets in Resources */ = {isa = PBXBuildFile; fileRef = 4F04026118D4BE1B009E8CAA /* Images.xcassets */; };
		4F04026918D4BE1B009E8CAA /* XCTest.framework in Frameworks */ = {isa = PBXBuildFile; fileRef = 4F04026818D4BE1B009E8CAA /* XCTest.framework */; };
		4F04026A18D4BE1B009E8CAA /* Foundation.framework in Frameworks */ = {isa = PBXBuildFile; fileRef = 4F04024218D4BE1B009E8CAA /* Foundation.framework */; };
		4F04026B18D4BE1B009E8CAA /* UIKit.framework in Frameworks */ = {isa = PBXBuildFile; fileRef = 4F04024618D4BE1B009E8CAA /* UIKit.framework */; };
		4F04027318D4BE1C009E8CAA /* InfoPlist.strings in Resources */ = {isa = PBXBuildFile; fileRef = 4F04027118D4BE1C009E8CAA /* InfoPlist.strings */; };
		4F04027518D4BE1C009E8CAA /* Flanry_BirdTests.m in Sources */ = {isa = PBXBuildFile; fileRef = 4F04027418D4BE1C009E8CAA /* Flanry_BirdTests.m */; };
		4F04028018D4BE6F009E8CAA /* welcome.m in Sources */ = {isa = PBXBuildFile; fileRef = 4F04027F18D4BE6F009E8CAA /* welcome.m */; };
		4F04028318D4BECF009E8CAA /* fail.m in Sources */ = {isa = PBXBuildFile; fileRef = 4F04028218D4BECF009E8CAA /* fail.m */; };
		4F04028718D4C029009E8CAA /* Angrybird.png in Resources */ = {isa = PBXBuildFile; fileRef = 4F04028618D4C029009E8CAA /* Angrybird.png */; };
		4F04028918D4C035009E8CAA /* ground.png in Resources */ = {isa = PBXBuildFile; fileRef = 4F04028818D4C035009E8CAA /* ground.png */; };
		4F04029118D4C6CA009E8CAA /* pipe.png in Resources */ = {isa = PBXBuildFile; fileRef = 4F04029018D4C6CA009E8CAA /* pipe.png */; };
		4F2724B118D68FE300A8D891 /* start_update.png in Resources */ = {isa = PBXBuildFile; fileRef = 4F2724B018D68FE300A8D891 /* start_update.png */; };
		4F32869718D6CBA900A3BA91 /* bg_update.png in Resources */ = {isa = PBXBuildFile; fileRef = 4F32869618D6CBA900A3BA91 /* bg_update.png */; };
		4F32869B18D6D35A00A3BA91 /* Bird.png in Resources */ = {isa = PBXBuildFile; fileRef = 4F32869A18D6D35A00A3BA91 /* Bird.png */; };
		4F5C82FF18D61EF0009D01EC /* title.png in Resources */ = {isa = PBXBuildFile; fileRef = 4F5C82FE18D61EF0009D01EC /* title.png */; };
		4F5C830118D61F1C009D01EC /* title_update.png in Resources */ = {isa = PBXBuildFile; fileRef = 4F5C830018D61F1B009D01EC /* title_update.png */; };
		4F653D4118D6CA95007B587F /* bg.png in Resources */ = {isa = PBXBuildFile; fileRef = 4F653D4018D6CA95007B587F /* bg.png */; };
		4F653D4318D6CB66007B587F /* bg_blur.png in Resources */ = {isa = PBXBuildFile; fileRef = 4F653D4218D6CB66007B587F /* bg_blur.png */; };
		4F656FEE18D5F1430032E5EB /* icon.png in Resources */ = {isa = PBXBuildFile; fileRef = 4F656FED18D5F1430032E5EB /* icon.png */; };
		4FC28C1B18D60602009AFD27 /* start2.png in Resources */ = {isa = PBXBuildFile; fileRef = 4FC28C1A18D60602009AFD27 /* start2.png */; };
		4FDEA5E518D68CA8004C9A1F /* start.png in Resources */ = {isa = PBXBuildFile; fileRef = 4FDEA5E418D68CA8004C9A1F /* start.png */; };
/* End PBXBuildFile section */

/* Begin PBXContainerItemProxy section */
		4F04026C18D4BE1C009E8CAA /* PBXContainerItemProxy */ = {
			isa = PBXContainerItemProxy;
			containerPortal = 4F04023718D4BE1B009E8CAA /* Project object */;
			proxyType = 1;
			remoteGlobalIDString = 4F04023E18D4BE1B009E8CAA;
			remoteInfo = "Flanry Bird";
		};
/* End PBXContainerItemProxy section */

/* Begin PBXFileReference section */
		4F04023F18D4BE1B009E8CAA /* Flanry Bird.app */ = {isa = PBXFileReference; explicitFileType = wrapper.application; includeInIndex = 0; path = "Flanry Bird.app"; sourceTree = BUILT_PRODUCTS_DIR; };
		4F04024218D4BE1B009E8CAA /* Foundation.framework */ = {isa = PBXFileReference; lastKnownFileType = wrapper.framework; name = Foundation.framework; path = System/Library/Frameworks/Foundation.framework; sourceTree = SDKROOT; };
		4F04024418D4BE1B009E8CAA /* CoreGraphics.framework */ = {isa = PBXFileReference; lastKnownFileType = wrapper.framework; name = CoreGraphics.framework; path = System/Library/Frameworks/CoreGraphics.framework; sourceTree = SDKROOT; };
		4F04024618D4BE1B009E8CAA /* UIKit.framework */ = {isa = PBXFileReference; lastKnownFileType = wrapper.framework; name = UIKit.framework; path = System/Library/Frameworks/UIKit.framework; sourceTree = SDKROOT; };
		4F04024818D4BE1B009E8CAA /* SpriteKit.framework */ = {isa = PBXFileReference; lastKnownFileType = wrapper.framework; name = SpriteKit.framework; path = System/Library/Frameworks/SpriteKit.framework; sourceTree = SDKROOT; };
		4F04024C18D4BE1B009E8CAA /* Flanry Bird-Info.plist */ = {isa = PBXFileReference; lastKnownFileType = text.plist.xml; path = "Flanry Bird-Info.plist"; sourceTree = "<group>"; };
		4F04024E18D4BE1B009E8CAA /* en */ = {isa = PBXFileReference; lastKnownFileType = text.plist.strings; name = en; path = en.lproj/InfoPlist.strings; sourceTree = "<group>"; };
		4F04025018D4BE1B009E8CAA /* main.m */ = {isa = PBXFileReference; lastKnownFileType = sourcecode.c.objc; path = main.m; sourceTree = "<group>"; };
		4F04025218D4BE1B009E8CAA /* Flanry Bird-Prefix.pch */ = {isa = PBXFileReference; lastKnownFileType = sourcecode.c.h; path = "Flanry Bird-Prefix.pch"; sourceTree = "<group>"; };
		4F04025318D4BE1B009E8CAA /* flanrybirdAppDelegate.h */ = {isa = PBXFileReference; lastKnownFileType = sourcecode.c.h; path = flanrybirdAppDelegate.h; sourceTree = "<group>"; };
		4F04025418D4BE1B009E8CAA /* flanrybirdAppDelegate.m */ = {isa = PBXFileReference; lastKnownFileType = sourcecode.c.objc; path = flanrybirdAppDelegate.m; sourceTree = "<group>"; };
		4F04025718D4BE1B009E8CAA /* Base */ = {isa = PBXFileReference; lastKnownFileType = file.storyboard; name = Base; path = Base.lproj/Main.storyboard; sourceTree = "<group>"; };
		4F04025918D4BE1B009E8CAA /* flanrybirdViewController.h */ = {isa = PBXFileReference; lastKnownFileType = sourcecode.c.h; path = flanrybirdViewController.h; sourceTree = "<group>"; };
		4F04025A18D4BE1B009E8CAA /* flanrybirdViewController.m */ = {isa = PBXFileReference; lastKnownFileType = sourcecode.c.objc; path = flanrybirdViewController.m; sourceTree = "<group>"; };
		4F04025C18D4BE1B009E8CAA /* flanrybirdMyScene.h */ = {isa = PBXFileReference; lastKnownFileType = sourcecode.c.h; path = flanrybirdMyScene.h; sourceTree = "<group>"; };
		4F04025D18D4BE1B009E8CAA /* flanrybirdMyScene.m */ = {isa = PBXFileReference; lastKnownFileType = sourcecode.c.objc; path = flanrybirdMyScene.m; sourceTree = "<group>"; };
		4F04026118D4BE1B009E8CAA /* Images.xcassets */ = {isa = PBXFileReference; lastKnownFileType = folder.assetcatalog; path = Images.xcassets; sourceTree = "<group>"; };
		4F04026718D4BE1B009E8CAA /* Flanry BirdTests.xctest */ = {isa = PBXFileReference; explicitFileType = wrapper.cfbundle; includeInIndex = 0; path = "Flanry BirdTests.xctest"; sourceTree = BUILT_PRODUCTS_DIR; };
		4F04026818D4BE1B009E8CAA /* XCTest.framework */ = {isa = PBXFileReference; lastKnownFileType = wrapper.framework; name = XCTest.framework; path = Library/Frameworks/XCTest.framework; sourceTree = DEVELOPER_DIR; };
		4F04027018D4BE1C009E8CAA /* Flanry BirdTests-Info.plist */ = {isa = PBXFileReference; lastKnownFileType = text.plist.xml; path = "Flanry BirdTests-Info.plist"; sourceTree = "<group>"; };
		4F04027218D4BE1C009E8CAA /* en */ = {isa = PBXFileReference; lastKnownFileType = text.plist.strings; name = en; path = en.lproj/InfoPlist.strings; sourceTree = "<group>"; };
		4F04027418D4BE1C009E8CAA /* Flanry_BirdTests.m */ = {isa = PBXFileReference; lastKnownFileType = sourcecode.c.objc; path = Flanry_BirdTests.m; sourceTree = "<group>"; };
		4F04027E18D4BE6F009E8CAA /* welcome.h */ = {isa = PBXFileReference; fileEncoding = 4; lastKnownFileType = sourcecode.c.h; path = welcome.h; sourceTree = "<group>"; };
		4F04027F18D4BE6F009E8CAA /* welcome.m */ = {isa = PBXFileReference; fileEncoding = 4; lastKnownFileType = sourcecode.c.objc; path = welcome.m; sourceTree = "<group>"; };
		4F04028118D4BECF009E8CAA /* fail.h */ = {isa = PBXFileReference; fileEncoding = 4; lastKnownFileType = sourcecode.c.h; path = fail.h; sourceTree = "<group>"; };
		4F04028218D4BECF009E8CAA /* fail.m */ = {isa = PBXFileReference; fileEncoding = 4; lastKnownFileType = sourcecode.c.objc; path = fail.m; sourceTree = "<group>"; };
		4F04028618D4C029009E8CAA /* Angrybird.png */ = {isa = PBXFileReference; lastKnownFileType = image.png; path = Angrybird.png; sourceTree = "<group>"; };
		4F04028818D4C035009E8CAA /* ground.png */ = {isa = PBXFileReference; lastKnownFileType = image.png; path = ground.png; sourceTree = "<group>"; };
		4F04029018D4C6CA009E8CAA /* pipe.png */ = {isa = PBXFileReference; lastKnownFileType = image.png; path = pipe.png; sourceTree = "<group>"; };
		4F2724B018D68FE300A8D891 /* start_update.png */ = {isa = PBXFileReference; lastKnownFileType = image.png; path = start_update.png; sourceTree = "<group>"; };
		4F32869618D6CBA900A3BA91 /* bg_update.png */ = {isa = PBXFileReference; lastKnownFileType = image.png; path = bg_update.png; sourceTree = "<group>"; };
		4F32869A18D6D35A00A3BA91 /* Bird.png */ = {isa = PBXFileReference; lastKnownFileType = image.png; path = Bird.png; sourceTree = "<group>"; };
		4F5C82FE18D61EF0009D01EC /* title.png */ = {isa = PBXFileReference; lastKnownFileType = image.png; path = title.png; sourceTree = "<group>"; };
		4F5C830018D61F1B009D01EC /* title_update.png */ = {isa = PBXFileReference; lastKnownFileType = image.png; path = title_update.png; sourceTree = "<group>"; };
		4F653D4018D6CA95007B587F /* bg.png */ = {isa = PBXFileReference; lastKnownFileType = image.png; path = bg.png; sourceTree = "<group>"; };
		4F653D4218D6CB66007B587F /* bg_blur.png */ = {isa = PBXFileReference; lastKnownFileType = image.png; path = bg_blur.png; sourceTree = "<group>"; };
		4F656FED18D5F1430032E5EB /* icon.png */ = {isa = PBXFileReference; lastKnownFileType = image.png; path = icon.png; sourceTree = "<group>"; };
		4FC28C1A18D60602009AFD27 /* start2.png */ = {isa = PBXFileReference; lastKnownFileType = image.png; path = start2.png; sourceTree = "<group>"; };
		4FDEA5E418D68CA8004C9A1F /* start.png */ = {isa = PBXFileReference; lastKnownFileType = image.png; path = start.png; sourceTree = "<group>"; };
/* End PBXFileReference section */

/* Begin PBXFrameworksBuildPhase section */
		4F04023C18D4BE1B009E8CAA /* Frameworks */ = {
			isa = PBXFrameworksBuildPhase;
			buildActionMask = 2147483647;
			files = (
				4F04024518D4BE1B009E8CAA /* CoreGraphics.framework in Frameworks */,
				4F04024718D4BE1B009E8CAA /* UIKit.framework in Frameworks */,
				4F04024918D4BE1B009E8CAA /* SpriteKit.framework in Frameworks */,
				4F04024318D4BE1B009E8CAA /* Foundation.framework in Frameworks */,
			);
			runOnlyForDeploymentPostprocessing = 0;
		};
		4F04026418D4BE1B009E8CAA /* Frameworks */ = {
			isa = PBXFrameworksBuildPhase;
			buildActionMask = 2147483647;
			files = (
				4F04026918D4BE1B009E8CAA /* XCTest.framework in Frameworks */,
				4F04026B18D4BE1B009E8CAA /* UIKit.framework in Frameworks */,
				4F04026A18D4BE1B009E8CAA /* Foundation.framework in Frameworks */,
			);
			runOnlyForDeploymentPostprocessing = 0;
		};
/* End PBXFrameworksBuildPhase section */

/* Begin PBXGroup section */
		4F04023618D4BE1B009E8CAA = {
			isa = PBXGroup;
			children = (
				4F04024A18D4BE1B009E8CAA /* Flanry Bird */,
				4F04026E18D4BE1C009E8CAA /* Flanry BirdTests */,
				4F04024118D4BE1B009E8CAA /* Frameworks */,
				4F04024018D4BE1B009E8CAA /* Products */,
			);
			sourceTree = "<group>";
		};
		4F04024018D4BE1B009E8CAA /* Products */ = {
			isa = PBXGroup;
			children = (
				4F04023F18D4BE1B009E8CAA /* Flanry Bird.app */,
				4F04026718D4BE1B009E8CAA /* Flanry BirdTests.xctest */,
			);
			name = Products;
			sourceTree = "<group>";
		};
		4F04024118D4BE1B009E8CAA /* Frameworks */ = {
			isa = PBXGroup;
			children = (
				4F04024218D4BE1B009E8CAA /* Foundation.framework */,
				4F04024418D4BE1B009E8CAA /* CoreGraphics.framework */,
				4F04024618D4BE1B009E8CAA /* UIKit.framework */,
				4F04024818D4BE1B009E8CAA /* SpriteKit.framework */,
				4F04026818D4BE1B009E8CAA /* XCTest.framework */,
			);
			name = Frameworks;
			sourceTree = "<group>";
		};
		4F04024A18D4BE1B009E8CAA /* Flanry Bird */ = {
			isa = PBXGroup;
			children = (
				4F04025318D4BE1B009E8CAA /* flanrybirdAppDelegate.h */,
				4F04025418D4BE1B009E8CAA /* flanrybirdAppDelegate.m */,
				4F04025618D4BE1B009E8CAA /* Main.storyboard */,
				4F04025918D4BE1B009E8CAA /* flanrybirdViewController.h */,
				4F04025A18D4BE1B009E8CAA /* flanrybirdViewController.m */,
				4F04027E18D4BE6F009E8CAA /* welcome.h */,
				4F04027F18D4BE6F009E8CAA /* welcome.m */,
				4F04025C18D4BE1B009E8CAA /* flanrybirdMyScene.h */,
				4F04025D18D4BE1B009E8CAA /* flanrybirdMyScene.m */,
				4F04028118D4BECF009E8CAA /* fail.h */,
				4F04028218D4BECF009E8CAA /* fail.m */,
				4F04028618D4C029009E8CAA /* Angrybird.png */,
				4FDEA5E418D68CA8004C9A1F /* start.png */,
				4F04028818D4C035009E8CAA /* ground.png */,
				4FC28C1A18D60602009AFD27 /* start2.png */,
				4F2724B018D68FE300A8D891 /* start_update.png */,
				4F04029018D4C6CA009E8CAA /* pipe.png */,
				4F5C82FE18D61EF0009D01EC /* title.png */,
				4F653D4018D6CA95007B587F /* bg.png */,
				4F32869618D6CBA900A3BA91 /* bg_update.png */,
				4F5C830018D61F1B009D01EC /* title_update.png */,
				4F32869A18D6D35A00A3BA91 /* Bird.png */,
				4F04026118D4BE1B009E8CAA /* Images.xcassets */,
				4F04024B18D4BE1B009E8CAA /* Supporting Files */,
			);
			path = "Flanry Bird";
			sourceTree = "<group>";
		};
		4F04024B18D4BE1B009E8CAA /* Supporting Files */ = {
			isa = PBXGroup;
			children = (
				4F04024C18D4BE1B009E8CAA /* Flanry Bird-Info.plist */,
				4F656FED18D5F1430032E5EB /* icon.png */,
				4F04024D18D4BE1B009E8CAA /* InfoPlist.strings */,
				4F653D4218D6CB66007B587F /* bg_blur.png */,
				4F04025018D4BE1B009E8CAA /* main.m */,
				4F04025218D4BE1B009E8CAA /* Flanry Bird-Prefix.pch */,
			);
			name = "Supporting Files";
			sourceTree = "<group>";
		};
		4F04026E18D4BE1C009E8CAA /* Flanry BirdTests */ = {
			isa = PBXGroup;
			children = (
				4F04027418D4BE1C009E8CAA /* Flanry_BirdTests.m */,
				4F04026F18D4BE1C009E8CAA /* Supporting Files */,
			);
			path = "Flanry BirdTests";
			sourceTree = "<group>";
		};
		4F04026F18D4BE1C009E8CAA /* Supporting Files */ = {
			isa = PBXGroup;
			children = (
				4F04027018D4BE1C009E8CAA /* Flanry BirdTests-Info.plist */,
				4F04027118D4BE1C009E8CAA /* InfoPlist.strings */,
			);
			name = "Supporting Files";
			sourceTree = "<group>";
		};
/* End PBXGroup section */

/* Begin PBXNativeTarget section */
		4F04023E18D4BE1B009E8CAA /* Flanry Bird */ = {
			isa = PBXNativeTarget;
			buildConfigurationList = 4F04027818D4BE1C009E8CAA /* Build configuration list for PBXNativeTarget "Flanry Bird" */;
			buildPhases = (
				4F04023B18D4BE1B009E8CAA /* Sources */,
				4F04023C18D4BE1B009E8CAA /* Frameworks */,
				4F04023D18D4BE1B009E8CAA /* Resources */,
			);
			buildRules = (
			);
			dependencies = (
			);
			name = "Flanry Bird";
			productName = "Flanry Bird";
			productReference = 4F04023F18D4BE1B009E8CAA /* Flanry Bird.app */;
			productType = "com.apple.product-type.application";
		};
		4F04026618D4BE1B009E8CAA /* Flanry BirdTests */ = {
			isa = PBXNativeTarget;
			buildConfigurationList = 4F04027B18D4BE1C009E8CAA /* Build configuration list for PBXNativeTarget "Flanry BirdTests" */;
			buildPhases = (
				4F04026318D4BE1B009E8CAA /* Sources */,
				4F04026418D4BE1B009E8CAA /* Frameworks */,
				4F04026518D4BE1B009E8CAA /* Resources */,
			);
			buildRules = (
			);
			dependencies = (
				4F04026D18D4BE1C009E8CAA /* PBXTargetDependency */,
			);
			name = "Flanry BirdTests";
			productName = "Flanry BirdTests";
			productReference = 4F04026718D4BE1B009E8CAA /* Flanry BirdTests.xctest */;
			productType = "com.apple.product-type.bundle.unit-test";
		};
/* End PBXNativeTarget section */

/* Begin PBXProject section */
		4F04023718D4BE1B009E8CAA /* Project object */ = {
			isa = PBXProject;
			attributes = {
				CLASSPREFIX = flanrybird;
				LastUpgradeCheck = 0510;
				ORGANIZATIONNAME = "Pengsheng Guo";
				TargetAttributes = {
					4F04026618D4BE1B009E8CAA = {
						TestTargetID = 4F04023E18D4BE1B009E8CAA;
					};
				};
			};
			buildConfigurationList = 4F04023A18D4BE1B009E8CAA /* Build configuration list for PBXProject "Flanry Bird" */;
			compatibilityVersion = "Xcode 3.2";
			developmentRegion = English;
			hasScannedForEncodings = 0;
			knownRegions = (
				en,
				Base,
			);
			mainGroup = 4F04023618D4BE1B009E8CAA;
			productRefGroup = 4F04024018D4BE1B009E8CAA /* Products */;
			projectDirPath = "";
			projectRoot = "";
			targets = (
				4F04023E18D4BE1B009E8CAA /* Flanry Bird */,
				4F04026618D4BE1B009E8CAA /* Flanry BirdTests */,
			);
		};
/* End PBXProject section */

/* Begin PBXResourcesBuildPhase section */
		4F04023D18D4BE1B009E8CAA /* Resources */ = {
			isa = PBXResourcesBuildPhase;
			buildActionMask = 2147483647;
			files = (
				4F32869718D6CBA900A3BA91 /* bg_update.png in Resources */,
				4F04028918D4C035009E8CAA /* ground.png in Resources */,
				4F04029118D4C6CA009E8CAA /* pipe.png in Resources */,
				4F5C82FF18D61EF0009D01EC /* title.png in Resources */,
				4F04024F18D4BE1B009E8CAA /* InfoPlist.strings in Resources */,
				4F653D4118D6CA95007B587F /* bg.png in Resources */,
				4F656FEE18D5F1430032E5EB /* icon.png in Resources */,
				4F04026218D4BE1B009E8CAA /* Images.xcassets in Resources */,
				4F653D4318D6CB66007B587F /* bg_blur.png in Resources */,
				4F2724B118D68FE300A8D891 /* start_update.png in Resources */,
				4F04028718D4C029009E8CAA /* Angrybird.png in Resources */,
				4F04025818D4BE1B009E8CAA /* Main.storyboard in Resources */,
				4F32869B18D6D35A00A3BA91 /* Bird.png in Resources */,
				4F5C830118D61F1C009D01EC /* title_update.png in Resources */,
				4FC28C1B18D60602009AFD27 /* start2.png in Resources */,
				4FDEA5E518D68CA8004C9A1F /* start.png in Resources */,
			);
			runOnlyForDeploymentPostprocessing = 0;
		};
		4F04026518D4BE1B009E8CAA /* Resources */ = {
			isa = PBXResourcesBuildPhase;
			buildActionMask = 2147483647;
			files = (
				4F04027318D4BE1C009E8CAA /* InfoPlist.strings in Resources */,
			);
			runOnlyForDeploymentPostprocessing = 0;
		};
/* End PBXResourcesBuildPhase section */

/* Begin PBXSourcesBuildPhase section */
		4F04023B18D4BE1B009E8CAA /* Sources */ = {
			isa = PBXSourcesBuildPhase;
			buildActionMask = 2147483647;
			files = (
				4F04025B18D4BE1B009E8CAA /* flanrybirdViewController.m in Sources */,
				4F04025118D4BE1B009E8CAA /* main.m in Sources */,
				4F04025518D4BE1B009E8CAA /* flanrybirdAppDelegate.m in Sources */,
				4F04025E18D4BE1B009E8CAA /* flanrybirdMyScene.m in Sources */,
				4F04028018D4BE6F009E8CAA /* welcome.m in Sources */,
				4F04028318D4BECF009E8CAA /* fail.m in Sources */,
			);
			runOnlyForDeploymentPostprocessing = 0;
		};
		4F04026318D4BE1B009E8CAA /* Sources */ = {
			isa = PBXSourcesBuildPhase;
			buildActionMask = 2147483647;
			files = (
				4F04027518D4BE1C009E8CAA /* Flanry_BirdTests.m in Sources */,
			);
			runOnlyForDeploymentPostprocessing = 0;
		};
/* End PBXSourcesBuildPhase section */

/* Begin PBXTargetDependency section */
		4F04026D18D4BE1C009E8CAA /* PBXTargetDependency */ = {
			isa = PBXTargetDependency;
			target = 4F04023E18D4BE1B009E8CAA /* Flanry Bird */;
			targetProxy = 4F04026C18D4BE1C009E8CAA /* PBXContainerItemProxy */;
		};
/* End PBXTargetDependency section */

/* Begin PBXVariantGroup section */
		4F04024D18D4BE1B009E8CAA /* InfoPlist.strings */ = {
			isa = PBXVariantGroup;
			children = (
				4F04024E18D4BE1B009E8CAA /* en */,
			);
			name = InfoPlist.strings;
			sourceTree = "<group>";
		};
		4F04025618D4BE1B009E8CAA /* Main.storyboard */ = {
			isa = PBXVariantGroup;
			children = (
				4F04025718D4BE1B009E8CAA /* Base */,
			);
			name = Main.storyboard;
			sourceTree = "<group>";
		};
		4F04027118D4BE1C009E8CAA /* InfoPlist.strings */ = {
			isa = PBXVariantGroup;
			children = (
				4F04027218D4BE1C009E8CAA /* en */,
			);
			name = InfoPlist.strings;
			sourceTree = "<group>";
		};
/* End PBXVariantGroup section */

/* Begin XCBuildConfiguration section */
		4F04027618D4BE1C009E8CAA /* Debug */ = {
			isa = XCBuildConfiguration;
			buildSettings = {
				ALWAYS_SEARCH_USER_PATHS = NO;
				CLANG_CXX_LANGUAGE_STANDARD = "gnu++0x";
				CLANG_CXX_LIBRARY = "libc++";
				CLANG_ENABLE_MODULES = YES;
				CLANG_ENABLE_OBJC_ARC = YES;
				CLANG_WARN_BOOL_CONVERSION = YES;
				CLANG_WARN_CONSTANT_CONVERSION = YES;
				CLANG_WARN_DIRECT_OBJC_ISA_USAGE = YES_ERROR;
				CLANG_WARN_EMPTY_BODY = YES;
				CLANG_WARN_ENUM_CONVERSION = YES;
				CLANG_WARN_INT_CONVERSION = YES;
				CLANG_WARN_OBJC_ROOT_CLASS = YES_ERROR;
				CLANG_WARN__DUPLICATE_METHOD_MATCH = YES;
				"CODE_SIGN_IDENTITY[sdk=iphoneos*]" = "iPhone Developer";
				COPY_PHASE_STRIP = NO;
				GCC_C_LANGUAGE_STANDARD = gnu99;
				GCC_DYNAMIC_NO_PIC = NO;
				GCC_OPTIMIZATION_LEVEL = 0;
				GCC_PREPROCESSOR_DEFINITIONS = (
					"DEBUG=1",
					"$(inherited)",
				);
				GCC_SYMBOLS_PRIVATE_EXTERN = NO;
				GCC_WARN_64_TO_32_BIT_CONVERSION = YES;
				GCC_WARN_ABOUT_RETURN_TYPE = YES_ERROR;
				GCC_WARN_UNDECLARED_SELECTOR = YES;
				GCC_WARN_UNINITIALIZED_AUTOS = YES_AGGRESSIVE;
				GCC_WARN_UNUSED_FUNCTION = YES;
				GCC_WARN_UNUSED_VARIABLE = YES;
				IPHONEOS_DEPLOYMENT_TARGET = 7.1;
				ONLY_ACTIVE_ARCH = YES;
				SDKROOT = iphoneos;
			};
			name = Debug;
		};
		4F04027718D4BE1C009E8CAA /* Release */ = {
			isa = XCBuildConfiguration;
			buildSettings = {
				ALWAYS_SEARCH_USER_PATHS = NO;
				CLANG_CXX_LANGUAGE_STANDARD = "gnu++0x";
				CLANG_CXX_LIBRARY = "libc++";
				CLANG_ENABLE_MODULES = YES;
				CLANG_ENABLE_OBJC_ARC = YES;
				CLANG_WARN_BOOL_CONVERSION = YES;
				CLANG_WARN_CONSTANT_CONVERSION = YES;
				CLANG_WARN_DIRECT_OBJC_ISA_USAGE = YES_ERROR;
				CLANG_WARN_EMPTY_BODY = YES;
				CLANG_WARN_ENUM_CONVERSION = YES;
				CLANG_WARN_INT_CONVERSION = YES;
				CLANG_WARN_OBJC_ROOT_CLASS = YES_ERROR;
				CLANG_WARN__DUPLICATE_METHOD_MATCH = YES;
				"CODE_SIGN_IDENTITY[sdk=iphoneos*]" = "iPhone Developer";
				COPY_PHASE_STRIP = YES;
				ENABLE_NS_ASSERTIONS = NO;
				GCC_C_LANGUAGE_STANDARD = gnu99;
				GCC_WARN_64_TO_32_BIT_CONVERSION = YES;
				GCC_WARN_ABOUT_RETURN_TYPE = YES_ERROR;
				GCC_WARN_UNDECLARED_SELECTOR = YES;
				GCC_WARN_UNINITIALIZED_AUTOS = YES_AGGRESSIVE;
				GCC_WARN_UNUSED_FUNCTION = YES;
				GCC_WARN_UNUSED_VARIABLE = YES;
				IPHONEOS_DEPLOYMENT_TARGET = 7.1;
				SDKROOT = iphoneos;
				VALIDATE_PRODUCT = YES;
			};
			name = Release;
		};
		4F04027918D4BE1C009E8CAA /* Debug */ = {
			isa = XCBuildConfiguration;
			buildSettings = {
				ASSETCATALOG_COMPILER_APPICON_NAME = AppIcon;
				ASSETCATALOG_COMPILER_LAUNCHIMAGE_NAME = LaunchImage;
				GCC_PRECOMPILE_PREFIX_HEADER = YES;
				GCC_PREFIX_HEADER = "Flanry Bird/Flanry Bird-Prefix.pch";
				INFOPLIST_FILE = "Flanry Bird/Flanry Bird-Info.plist";
				PRODUCT_NAME = "$(TARGET_NAME)";
				SPRITEKIT_TEXTURE_ATLAS_OUTPUT = YES;
				WRAPPER_EXTENSION = app;
			};
			name = Debug;
		};
		4F04027A18D4BE1C009E8CAA /* Release */ = {
			isa = XCBuildConfiguration;
			buildSettings = {
				ASSETCATALOG_COMPILER_APPICON_NAME = AppIcon;
				ASSETCATALOG_COMPILER_LAUNCHIMAGE_NAME = LaunchImage;
				GCC_PRECOMPILE_PREFIX_HEADER = YES;
				GCC_PREFIX_HEADER = "Flanry Bird/Flanry Bird-Prefix.pch";
				INFOPLIST_FILE = "Flanry Bird/Flanry Bird-Info.plist";
				PRODUCT_NAME = "$(TARGET_NAME)";
				SPRITEKIT_TEXTURE_ATLAS_OUTPUT = YES;
				WRAPPER_EXTENSION = app;
			};
			name = Release;
		};
		4F04027C18D4BE1C009E8CAA /* Debug */ = {
			isa = XCBuildConfiguration;
			buildSettings = {
				BUNDLE_LOADER = "$(BUILT_PRODUCTS_DIR)/Flanry Bird.app/Flanry Bird";
				FRAMEWORK_SEARCH_PATHS = (
					"$(SDKROOT)/Developer/Library/Frameworks",
					"$(inherited)",
					"$(DEVELOPER_FRAMEWORKS_DIR)",
				);
				GCC_PRECOMPILE_PREFIX_HEADER = YES;
				GCC_PREFIX_HEADER = "Flanry Bird/Flanry Bird-Prefix.pch";
				GCC_PREPROCESSOR_DEFINITIONS = (
					"DEBUG=1",
					"$(inherited)",
				);
				INFOPLIST_FILE = "Flanry BirdTests/Flanry BirdTests-Info.plist";
				PRODUCT_NAME = "$(TARGET_NAME)";
				TEST_HOST = "$(BUNDLE_LOADER)";
				WRAPPER_EXTENSION = xctest;
			};
			name = Debug;
		};
		4F04027D18D4BE1C009E8CAA /* Release */ = {
			isa = XCBuildConfiguration;
			buildSettings = {
				BUNDLE_LOADER = "$(BUILT_PRODUCTS_DIR)/Flanry Bird.app/Flanry Bird";
				FRAMEWORK_SEARCH_PATHS = (
					"$(SDKROOT)/Developer/Library/Frameworks",
					"$(inherited)",
					"$(DEVELOPER_FRAMEWORKS_DIR)",
				);
				GCC_PRECOMPILE_PREFIX_HEADER = YES;
				GCC_PREFIX_HEADER = "Flanry Bird/Flanry Bird-Prefix.pch";
				INFOPLIST_FILE = "Flanry BirdTests/Flanry BirdTests-Info.plist";
				PRODUCT_NAME = "$(TARGET_NAME)";
				TEST_HOST = "$(BUNDLE_LOADER)";
				WRAPPER_EXTENSION = xctest;
			};
			name = Release;
		};
/* End XCBuildConfiguration section */

/* Begin XCConfigurationList section */
		4F04023A18D4BE1B009E8CAA /* Build configuration list for PBXProject "Flanry Bird" */ = {
			isa = XCConfigurationList;
			buildConfigurations = (
				4F04027618D4BE1C009E8CAA /* Debug */,
				4F04027718D4BE1C009E8CAA /* Release */,
			);
			defaultConfigurationIsVisible = 0;
			defaultConfigurationName = Release;
		};
		4F04027818D4BE1C009E8CAA /* Build configuration list for PBXNativeTarget "Flanry Bird" */ = {
			isa = XCConfigurationList;
			buildConfigurations = (
				4F04027918D4BE1C009E8CAA /* Debug */,
				4F04027A18D4BE1C009E8CAA /* Release */,
			);
			defaultConfigurationIsVisible = 0;
			defaultConfigurationName = Release;
		};
		4F04027B18D4BE1C009E8CAA /* Build configuration list for PBXNativeTarget "Flanry BirdTests" */ = {
			isa = XCConfigurationList;
			buildConfigurations = (
				4F04027C18D4BE1C009E8CAA /* Debug */,
				4F04027D18D4BE1C009E8CAA /* Release */,
			);
			defaultConfigurationIsVisible = 0;
			defaultConfigurationName = Release;
		};
/* End XCConfigurationList section */
	};
	rootObject = 4F04023718D4BE1B009E8CAA /* Project object */;
}
